<?xml version="1.0" encoding="utf-8"?>
<Project ToolsVersion="4.0" xmlns="http://schemas.microsoft.com/developer/msbuild/2003">
  <ItemGroup>
    <Filter Include="Source Files">
      <UniqueIdentifier>{4FC737F1-C7A5-4376-A066-2A32D752A2FF}</UniqueIdentifier>
      <Extensions>cpp;c;cc;cxx;c++;cppm;ixx;def;odl;idl;hpj;bat;asm;asmx</Extensions>
    </Filter>
    <Filter Include="Header Files">
      <UniqueIdentifier>{93995380-89BD-4b04-88EB-625FBE52EBFB}</UniqueIdentifier>
      <Extensions>h;hh;hpp;hxx;h++;hm;inl;inc;ipp;xsd</Extensions>
    </Filter>
    <Filter Include="Script">
      <UniqueIdentifier>{3d278e4f-06d3-46a1-b021-37c5f193367b}</UniqueIdentifier>
    </Filter>
    <Filter Include="Script\Objects">
      <UniqueIdentifier>{154799ed-1dc1-4925-9c62-d8d4f73adb46}</UniqueIdentifier>
    </Filter>
    <Filter Include="Script\Core">
      <UniqueIdentifier>{bf85df38-00c4-439f-8b50-62e70460a591}</UniqueIdentifier>
    </Filter>
    <Filter Include="Script\Managers">
      <UniqueIdentifier>{8f376892-92fd-4e8c-a2d0-bb921662a87c}</UniqueIdentifier>
    </Filter>
    <Filter Include="Script\Main">
      <UniqueIdentifier>{665f6e7c-538b-4110-82d8-32b51e358ed1}</UniqueIdentifier>
    </Filter>
    <Filter Include="Script\Game">
      <UniqueIdentifier>{fdedf359-d247-4a47-927f-e4c42715ec24}</UniqueIdentifier>
    </Filter>
    <Filter Include="Script\Core\Actors">
      <UniqueIdentifier>{aa1de379-d573-4d84-902b-b6e2faa1a1e5}</UniqueIdentifier>
    </Filter>
    <Filter Include="Script\Core\Components">
      <UniqueIdentifier>{ad0643d4-c7e4-4146-aa4a-25846d316ba4}</UniqueIdentifier>
    </Filter>
    <Filter Include="Script\Resource Files">
      <UniqueIdentifier>{67DA6AB6-F800-4c08-8B7A-83BB121AAD01}</UniqueIdentifier>
      <Extensions>rc;ico;cur;bmp;dlg;rc2;rct;bin;rgs;gif;jpg;jpeg;jpe;resx;tiff;tif;png;wav;mfcribbon-ms</Extensions>
    </Filter>
    <Filter Include="Script\Resource Files\Logger">
      <UniqueIdentifier>{5af19ceb-9da6-46e6-aef5-cb1fe55beca0}</UniqueIdentifier>
    </Filter>
    <Filter Include="Script\Resource Files\Exception">
      <UniqueIdentifier>{34cc4a72-e60a-4302-b834-82c41130cf26}</UniqueIdentifier>
    </Filter>
    <Filter Include="Script\Core\Components\Collision">
      <UniqueIdentifier>{7c0c56a8-e82b-4e67-8f2f-6a626d75ddd4}</UniqueIdentifier>
    </Filter>
    <Filter Include="Script\Core\Actors\Mesh">
      <UniqueIdentifier>{b90b351b-0cca-417a-89cb-3acf2e6e1a6b}</UniqueIdentifier>
    </Filter>
    <Filter Include="Script\Core\Actors\Circle">
      <UniqueIdentifier>{40d6316b-8494-4d52-a71f-d382fdf52844}</UniqueIdentifier>
    </Filter>
    <Filter Include="Script\Core\Actors\Triangle">
      <UniqueIdentifier>{f3f56c3e-4c67-4320-9d3e-89ed866aca07}</UniqueIdentifier>
    </Filter>
    <Filter Include="Script\Core\Actors\Rectangle">
      <UniqueIdentifier>{371728ed-ee19-44fa-a929-65a1d331284c}</UniqueIdentifier>
    </Filter>
    <Filter Include="Script\Core\Components\Mesh">
      <UniqueIdentifier>{00447d62-d5e4-463f-9c11-7c73d2bb3280}</UniqueIdentifier>
    </Filter>
    <Filter Include="Script\Resource Files\Color">
      <UniqueIdentifier>{f1e2fad6-1574-46d9-8a1a-35cd8911ab3b}</UniqueIdentifier>
    </Filter>
    <Filter Include="Script\Resource Files\Utilities">
      <UniqueIdentifier>{9553212a-0e40-4b67-8116-acd253730d1f}</UniqueIdentifier>
    </Filter>
    <Filter Include="Script\Core\Components\Root">
      <UniqueIdentifier>{1ed5d02b-1635-4d66-ac5b-2c136730e4e9}</UniqueIdentifier>
    </Filter>
    <Filter Include="Script\Managers\Font">
      <UniqueIdentifier>{556f5c82-259e-4717-8ca9-bdeb6f660f22}</UniqueIdentifier>
    </Filter>
    <Filter Include="Script\Managers\Actor">
      <UniqueIdentifier>{5947e621-10a1-4d82-ab8e-649bbdf35bdd}</UniqueIdentifier>
    </Filter>
    <Filter Include="Script\Managers\Texture">
      <UniqueIdentifier>{aeecfe95-8f56-4e61-970e-0fe5e2cde6b9}</UniqueIdentifier>
    </Filter>
    <Filter Include="Script\Managers\Timer">
      <UniqueIdentifier>{2cdd8b17-0a55-4146-85cb-1f8756fe080b}</UniqueIdentifier>
    </Filter>
    <Filter Include="Script\ShootingStars">
      <UniqueIdentifier>{bc0757ca-7314-4c17-8678-12a915dea274}</UniqueIdentifier>
    </Filter>
    <Filter Include="Script\Core\Actors\Label">
      <UniqueIdentifier>{cd3cd924-d9c1-4b18-b24c-e51d15b6c90e}</UniqueIdentifier>
    </Filter>
    <Filter Include="Script\Core\Components\Animation">
      <UniqueIdentifier>{d9ab9194-4323-4eee-85c6-6d96ba8038d3}</UniqueIdentifier>
    </Filter>
    <Filter Include="Script\Objects\Shape">
      <UniqueIdentifier>{fd85c417-5c8f-48c6-a6fa-6daa1589ad58}</UniqueIdentifier>
    </Filter>
    <Filter Include="Script\Objects\Text">
      <UniqueIdentifier>{74998d10-4b64-4033-b33e-d3c806c6780a}</UniqueIdentifier>
    </Filter>
    <Filter Include="DuckHunt">
      <UniqueIdentifier>{c8bdefc1-5cc1-4eed-954e-f0d04872c192}</UniqueIdentifier>
    </Filter>
    <Filter Include="Script\Managers\Audio">
      <UniqueIdentifier>{8485746e-487a-4adf-a053-a192dc41ffb4}</UniqueIdentifier>
    </Filter>
    <Filter Include="Script\Managers\Audio\Sound">
      <UniqueIdentifier>{65de0f62-8f21-43c2-857b-a127cec99557}</UniqueIdentifier>
    </Filter>
    <Filter Include="Script\Managers\Audio\Music">
      <UniqueIdentifier>{440c810c-0e87-43b7-8068-974ca64662d7}</UniqueIdentifier>
    </Filter>
    <Filter Include="Script\DuckHunt">
      <UniqueIdentifier>{b5871da4-77c3-42b6-a36f-71f3b942f5bb}</UniqueIdentifier>
    </Filter>
    <Filter Include="Script\Level">
      <UniqueIdentifier>{6d206535-ead9-4536-94a2-ea852bcc7e0f}</UniqueIdentifier>
    </Filter>
    <Filter Include="Script\Core\Components\Movement">
      <UniqueIdentifier>{8d7df503-eccd-4703-b032-560b427dbf64}</UniqueIdentifier>
    </Filter>
    <Filter Include="Script\Sample">
      <UniqueIdentifier>{6ffefafe-4734-4e30-9a8d-08fd0bafd127}</UniqueIdentifier>
    </Filter>
    <Filter Include="Script\Sample\Music">
      <UniqueIdentifier>{78df3158-1688-419c-b30f-38d92469c469}</UniqueIdentifier>
    </Filter>
    <Filter Include="Script\Sample\Sound">
      <UniqueIdentifier>{1316c2b2-b78b-47cc-93e7-ed31b58c6084}</UniqueIdentifier>
    </Filter>
    <Filter Include="Script\Core\Components\View">
      <UniqueIdentifier>{d989a0a1-845f-41cb-830a-8a0fcd0d124e}</UniqueIdentifier>
    </Filter>
  </ItemGroup>
  <ItemGroup>
    <ClInclude Include="TextureManager.h">
      <Filter>Script\Managers\Texture</Filter>
    </ClInclude>
    <ClInclude Include="TextObject.h">
      <Filter>Script\Objects\Text</Filter>
    </ClInclude>
    <ClInclude Include="Object.h">
      <Filter>Script\Objects</Filter>
    </ClInclude>
    <ClInclude Include="ShapeObject.h">
      <Filter>Script\Objects\Shape</Filter>
    </ClInclude>
    <ClInclude Include="Game.h">
      <Filter>Script\Game</Filter>
    </ClInclude>
    <ClInclude Include="Actor.h">
      <Filter>Script\Core\Actors</Filter>
    </ClInclude>
    <ClInclude Include="Core.h">
      <Filter>Script\Core</Filter>
    </ClInclude>
    <ClInclude Include="Component.h">
      <Filter>Script\Core\Components</Filter>
    </ClInclude>
    <ClInclude Include="ActorManager.h">
      <Filter>Script\Managers\Actor</Filter>
    </ClInclude>
    <ClInclude Include="TimerManager.h">
      <Filter>Script\Managers\Timer</Filter>
    </ClInclude>
    <ClInclude Include="Logger.h">
      <Filter>Script\Resource Files\Logger</Filter>
    </ClInclude>
    <ClInclude Include="MusicManager.h">
      <Filter>Script\Managers\Audio\Music</Filter>
    </ClInclude>
    <ClInclude Include="Macro.h">
      <Filter>Script\Resource Files</Filter>
    </ClInclude>
    <ClInclude Include="MeshActor.h">
      <Filter>Script\Core\Actors\Mesh</Filter>
    </ClInclude>
    <ClInclude Include="TriangleActor.h">
      <Filter>Script\Core\Actors\Triangle</Filter>
    </ClInclude>
    <ClInclude Include="RectangleActor.h">
      <Filter>Script\Core\Actors\Rectangle</Filter>
    </ClInclude>
    <ClInclude Include="CircleActor.h">
      <Filter>Script\Core\Actors\Circle</Filter>
    </ClInclude>
    <ClInclude Include="MeshComponent.h">
      <Filter>Script\Core\Components\Mesh</Filter>
    </ClInclude>
    <ClInclude Include="CollisionComponent.h">
      <Filter>Script\Core\Components\Collision</Filter>
    </ClInclude>
    <ClInclude Include="CustomException.h">
      <Filter>Script\Resource Files\Exception</Filter>
    </ClInclude>
    <ClInclude Include="Utilities.h">
      <Filter>Script\Resource Files\Utilities</Filter>
    </ClInclude>
    <ClInclude Include="Color.h">
      <Filter>Script\Resource Files\Color</Filter>
    </ClInclude>
    <ClInclude Include="Singleton.h">
      <Filter>Script\Resource Files</Filter>
    </ClInclude>
    <ClInclude Include="CoreMinimal.h">
      <Filter>Script\Resource Files</Filter>
    </ClInclude>
    <ClInclude Include="RootComponent.h">
      <Filter>Script\Core\Components\Root</Filter>
    </ClInclude>
    <ClInclude Include="TransformData.h">
      <Filter>Script\Core\Components\Root</Filter>
    </ClInclude>
    <ClInclude Include="Spawner.h">
      <Filter>Script\ShootingStars</Filter>
    </ClInclude>
    <ClInclude Include="FontManager.h">
      <Filter>Script\Managers\Font</Filter>
    </ClInclude>
    <ClInclude Include="ITransformableModifier.h">
      <Filter>Script\Core\Components\Root</Filter>
    </ClInclude>
    <ClInclude Include="Label.h">
      <Filter>Script\Core\Actors\Label</Filter>
    </ClInclude>
    <ClInclude Include="AudioManager.h">
      <Filter>Script\Managers\Audio</Filter>
    </ClInclude>
    <ClInclude Include="Duck.h">
      <Filter>Script\DuckHunt</Filter>
    </ClInclude>
    <ClInclude Include="DuckHuntGame.h">
      <Filter>Script\DuckHunt</Filter>
    </ClInclude>
    <ClInclude Include="SubclassOf.h">
      <Filter>Script\Resource Files</Filter>
    </ClInclude>
    <ClInclude Include="Level.h">
      <Filter>Script\Level</Filter>
    </ClInclude>
    <ClInclude Include="AnimationComponent.h">
      <Filter>Script\Core\Components\Animation</Filter>
    </ClInclude>
    <ClInclude Include="MovementComponent.h">
      <Filter>Script\Core\Components\Movement</Filter>
    </ClInclude>
    <ClInclude Include="SoundSample.h">
      <Filter>Script\Sample\Sound</Filter>
    </ClInclude>
    <ClInclude Include="Sample.h">
      <Filter>Script\Sample</Filter>
    </ClInclude>
    <ClInclude Include="MusicSample.h">
      <Filter>Script\Sample\Music</Filter>
    </ClInclude>
    <ClInclude Include="Animation.h">
      <Filter>Script\Core\Components\Animation</Filter>
    </ClInclude>
    <ClInclude Include="ViewComponent.h">
      <Filter>Script\Core\Components\View</Filter>
    </ClInclude>
  </ItemGroup>
  <ItemGroup>
    <ClCompile Include="Main.cpp">
      <Filter>Script\Main</Filter>
    </ClCompile>
    <ClCompile Include="TextureManager.cpp">
      <Filter>Script\Managers\Texture</Filter>
    </ClCompile>
    <ClCompile Include="Object.cpp">
      <Filter>Script\Objects</Filter>
    </ClCompile>
    <ClCompile Include="TextObject.cpp">
      <Filter>Script\Objects\Text</Filter>
    </ClCompile>
    <ClCompile Include="ShapeObject.cpp">
      <Filter>Script\Objects\Shape</Filter>
    </ClCompile>
    <ClCompile Include="Game.cpp">
      <Filter>Script\Game</Filter>
    </ClCompile>
    <ClCompile Include="Actor.cpp">
      <Filter>Script\Core\Actors</Filter>
    </ClCompile>
    <ClCompile Include="Component.cpp">
      <Filter>Script\Core\Components</Filter>
    </ClCompile>
    <ClCompile Include="ActorManager.cpp">
      <Filter>Script\Managers\Actor</Filter>
    </ClCompile>
    <ClCompile Include="Logger.cpp">
      <Filter>Script\Resource Files\Logger</Filter>
    </ClCompile>
    <ClCompile Include="MusicManager.cpp">
      <Filter>Script\Managers\Audio\Music</Filter>
    </ClCompile>
    <ClCompile Include="TimerManager.cpp">
      <Filter>Script\Managers\Timer</Filter>
    </ClCompile>
    <ClCompile Include="CircleActor.cpp">
      <Filter>Script\Core\Actors\Circle</Filter>
    </ClCompile>
    <ClCompile Include="MeshActor.cpp">
      <Filter>Script\Core\Actors\Mesh</Filter>
    </ClCompile>
    <ClCompile Include="TriangleActor.cpp">
      <Filter>Script\Core\Actors\Triangle</Filter>
    </ClCompile>
    <ClCompile Include="RectangleActor.cpp">
      <Filter>Script\Core\Actors\Rectangle</Filter>
    </ClCompile>
    <ClCompile Include="MeshComponent.cpp">
      <Filter>Script\Core\Components\Mesh</Filter>
    </ClCompile>
    <ClCompile Include="CollisionComponent.cpp">
      <Filter>Script\Core\Components\Collision</Filter>
    </ClCompile>
    <ClCompile Include="CustomException.cpp">
      <Filter>Script\Resource Files\Exception</Filter>
    </ClCompile>
    <ClCompile Include="Utilities.cpp">
      <Filter>Script\Resource Files\Utilities</Filter>
    </ClCompile>
    <ClCompile Include="Color.cpp">
      <Filter>Script\Resource Files\Color</Filter>
    </ClCompile>
    <ClCompile Include="RootComponent.cpp">
      <Filter>Script\Core\Components\Root</Filter>
    </ClCompile>
    <ClCompile Include="Spawner.cpp">
      <Filter>Script\ShootingStars</Filter>
    </ClCompile>
    <ClCompile Include="FontManager.cpp">
      <Filter>Script\Managers\Font</Filter>
    </ClCompile>
    <ClCompile Include="ITransformableViewer.h">
      <Filter>Script\Core\Components\Root</Filter>
    </ClCompile>
    <ClCompile Include="Label.cpp">
      <Filter>Script\Core\Actors\Label</Filter>
    </ClCompile>
    <ClCompile Include="AudioManager.cpp">
      <Filter>Script\Managers\Audio</Filter>
    </ClCompile>
    <ClCompile Include="DuckHuntGame.cpp">
      <Filter>Script\DuckHunt</Filter>
    </ClCompile>
    <ClCompile Include="Duck.cpp">
      <Filter>Script\DuckHunt</Filter>
    </ClCompile>
    <ClCompile Include="Level.cpp">
      <Filter>Script\Level</Filter>
    </ClCompile>
    <ClCompile Include="Animation.cpp">
      <Filter>Script\Core\Components\Animation</Filter>
    </ClCompile>
    <ClCompile Include="AnimationComponent.cpp">
      <Filter>Script\Core\Components\Animation</Filter>
    </ClCompile>
    <ClCompile Include="MovementComponent.cpp">
      <Filter>Script\Core\Components\Movement</Filter>
    </ClCompile>
    <ClCompile Include="SoundSample.cpp">
      <Filter>Script\Sample\Sound</Filter>
    </ClCompile>
    <ClCompile Include="Sample.cpp">
      <Filter>Script\Sample</Filter>
    </ClCompile>
    <ClCompile Include="MusicSample.cpp">
      <Filter>Script\Sample\Music</Filter>
    </ClCompile>
    <ClCompile Include="ViewComponent.cpp">
      <Filter>Script\Core\Components\View</Filter>
    </ClCompile>
  </ItemGroup>
</Project>